
Microsoft Visual Studio Solution File, Format Version 12.00
# Visual Studio Version 16
VisualStudioVersion = 16.0.32106.194
MinimumVisualStudioVersion = 10.0.40219.1
Project("{FAE04EC0-301F-11D3-BF4B-00C04F79EFBC}") = "onepageend2", "onepageend2\onepageend2.csproj", "{42726ACA-7A76-4BC3-ABFC-70E29463162C}"
EndProject
Global
	GlobalSection(SolutionConfigurationPlatforms) = preSolution
		Debug|Any CPU = Debug|Any CPU
		Release|Any CPU = Release|Any CPU
	EndGlobalSection
	GlobalSection(ProjectConfigurationPlatforms) = postSolution
		{42726ACA-7A76-4BC3-ABFC-70E29463162C}.Debug|Any CPU.ActiveCfg = Debug|Any CPU
		{42726ACA-7A76-4BC3-ABFC-70E29463162C}.Debug|Any CPU.Build.0 = Debug|Any CPU
		{42726ACA-7A76-4BC3-ABFC-70E29463162C}.Release|Any CPU.ActiveCfg = Release|Any CPU
		{42726ACA-7A76-4BC3-ABFC-70E29463162C}.Release|Any CPU.Build.0 = Release|Any CPU
	EndGlobalSection
	GlobalSection(SolutionProperties) = preSolution
		HideSolutionNode = FALSE
	EndGlobalSection
	GlobalSection(ExtensibilityGlobals) = postSolution
		SolutionGuid = {02FF8E01-1D53-41CC-875F-163ACA8CCC05}
	EndGlobalSection
EndGlobal
